
Microsoft Visual Studio Solution File, Format Version 12.00
Project("{FAE04EC0-301F-11D3-BF4B-00C04F79EFBC}") = "OzonParser", "OzonParser\OzonParser.csproj", "{3371AA40-C33A-4897-9540-8CC7C1BFF266}"
EndProject
Global
	GlobalSection(SolutionConfigurationPlatforms) = preSolution
		Debug|Any CPU = Debug|Any CPU
		Release|Any CPU = Release|Any CPU
	EndGlobalSection
	GlobalSection(ProjectConfigurationPlatforms) = postSolution
		{3371AA40-C33A-4897-9540-8CC7C1BFF266}.Debug|Any CPU.ActiveCfg = Debug|Any CPU
		{3371AA40-C33A-4897-9540-8CC7C1BFF266}.Debug|Any CPU.Build.0 = Debug|Any CPU
		{3371AA40-C33A-4897-9540-8CC7C1BFF266}.Release|Any CPU.ActiveCfg = Release|Any CPU
		{3371AA40-C33A-4897-9540-8CC7C1BFF266}.Release|Any CPU.Build.0 = Release|Any CPU
	EndGlobalSection
EndGlobal
